
Microsoft Visual Studio Solution File, Format Version 12.00
# Visual Studio Version 16
VisualStudioVersion = 16.0.29424.173
MinimumVisualStudioVersion = 10.0.40219.1
Project("{9A19103F-16F7-4668-BE54-9A1E7A4F7556}") = "Mocking.DataGenerator", "src\MockDataGenerator\Mocking.DataGenerator.csproj", "{C5FC562B-3509-4E0B-AB85-DE343CF96E74}"
EndProject
Project("{FAE04EC0-301F-11D3-BF4B-00C04F79EFBC}") = "Mocking.DataGenerator.Tests", "test\MockDataGenerator.Tests\Mocking.DataGenerator.Tests.csproj", "{179AB243-F859-42D0-AE90-11CB76483CD3}"
EndProject
Global
	GlobalSection(SolutionConfigurationPlatforms) = preSolution
		Debug|Any CPU = Debug|Any CPU
		Release|Any CPU = Release|Any CPU
	EndGlobalSection
	GlobalSection(ProjectConfigurationPlatforms) = postSolution
		{C5FC562B-3509-4E0B-AB85-DE343CF96E74}.Debug|Any CPU.ActiveCfg = Debug|Any CPU
		{C5FC562B-3509-4E0B-AB85-DE343CF96E74}.Debug|Any CPU.Build.0 = Debug|Any CPU
		{C5FC562B-3509-4E0B-AB85-DE343CF96E74}.Release|Any CPU.ActiveCfg = Release|Any CPU
		{C5FC562B-3509-4E0B-AB85-DE343CF96E74}.Release|Any CPU.Build.0 = Release|Any CPU
		{179AB243-F859-42D0-AE90-11CB76483CD3}.Debug|Any CPU.ActiveCfg = Debug|Any CPU
		{179AB243-F859-42D0-AE90-11CB76483CD3}.Debug|Any CPU.Build.0 = Debug|Any CPU
		{179AB243-F859-42D0-AE90-11CB76483CD3}.Release|Any CPU.ActiveCfg = Release|Any CPU
		{179AB243-F859-42D0-AE90-11CB76483CD3}.Release|Any CPU.Build.0 = Release|Any CPU
	EndGlobalSection
	GlobalSection(SolutionProperties) = preSolution
		HideSolutionNode = FALSE
	EndGlobalSection
	GlobalSection(ExtensibilityGlobals) = postSolution
		SolutionGuid = {818C8F72-1A2E-415B-A2C5-1D6B28535695}
	EndGlobalSection
EndGlobal
